
Microsoft Visual Studio Solution File, Format Version 12.00
# Visual Studio Version 17
VisualStudioVersion = 17.5.002.0
MinimumVisualStudioVersion = 10.0.40219.1
Project("{2150E333-8FDC-42A3-9474-1A3956D46DE8}") = "backend", "backend", "{D2ECD9BB-586F-4402-9D8F-DB601D9E1733}"
EndProject
Project("{9A19103F-16F7-4668-BE54-9A1E7A4F7556}") = "ScoutFlowAPI", "ScoutFlowAPI/ScoutFlowAPI.csproj", "{5D212464-1AEA-44F6-8762-4718F15FB709}"
EndProject
Global
	GlobalSection(SolutionConfigurationPlatforms) = preSolution
		Debug|Any CPU = Debug|Any CPU
		Release|Any CPU = Release|Any CPU
	EndGlobalSection
	GlobalSection(ProjectConfigurationPlatforms) = postSolution
		{5D212464-1AEA-44F6-8762-4718F15FB709}.Debug|Any CPU.ActiveCfg = Debug|Any CPU
		{5D212464-1AEA-44F6-8762-4718F15FB709}.Debug|Any CPU.Build.0 = Debug|Any CPU
		{5D212464-1AEA-44F6-8762-4718F15FB709}.Release|Any CPU.ActiveCfg = Release|Any CPU
		{5D212464-1AEA-44F6-8762-4718F15FB709}.Release|Any CPU.Build.0 = Release|Any CPU
	EndGlobalSection
	GlobalSection(SolutionProperties) = preSolution
		HideSolutionNode = FALSE
	EndGlobalSection
	GlobalSection(NestedProjects) = preSolution
		{5D212464-1AEA-44F6-8762-4718F15FB709} = {D2ECD9BB-586F-4402-9D8F-DB601D9E1733}
	EndGlobalSection
	GlobalSection(ExtensibilityGlobals) = postSolution
		SolutionGuid = {4D4CEFC5-1829-48B4-8C6E-4627F6393F4D}
	EndGlobalSection
EndGlobal
